PODS:
  - DRYUI (1.1.4):
    - DRYUI/base (= 1.1.4)
    - DRYUI/objc (= 1.1.4)
    - DRYUI/swift (= 1.1.4)
  - DRYUI/base (1.1.4):
    - Masonry
  - DRYUI/objc (1.1.4):
    - DRYUI/base
  - DRYUI/swift (1.1.4):
    - DRYUI/base
    - SnapKit (~> 3.0)
  - JSONModel (1.5.1)
  - Masonry (1.0.2)
  - MoveViewUpForKeyboardKit (2.0.0)
  - ObjectMapper (2.0.0)
  - RxCocoa (3.0.0-beta.1):
    - RxSwift (~> 3.0.0-beta.1)
  - RxDataSources (1.0.0-beta.2):
    - RxCocoa (~> 3.0.0-beta.1)
    - RxSwift (~> 3.0.0-beta.1)
  - RxSwift (3.0.0-beta.1)
  - SnapKit (3.0.2)
  - Toast (3.0)
  - UIButton-ANDYHighlighted (1.0.0)

DEPENDENCIES:
  - DRYUI
  - JSONModel
  - MoveViewUpForKeyboardKit
  - ObjectMapper
  - RxCocoa (~> 3.0.0-beta1)
  - RxDataSources (~> 1.0.0-beta.2)
  - RxSwift (~> 3.0.0-beta1)
  - Toast
  - UIButton-ANDYHighlighted

SPEC CHECKSUMS:
  DRYUI: 54ad8da7ddc66afbdb8e5648737ef2e451511d8d
  JSONModel: fd2553dc9e6608a3f35bfc956a14be35395d3852
  Masonry: 7c429b56da9d4ee0bbb3ed77a5ea710d6a5df39e
  MoveViewUpForKeyboardKit: a1f9de6b1dd7aa9451f9a80d763f37cf55f6b218
  ObjectMapper: aed2570edabbd3c9b26c939e1cabdb6558f933e0
  RxCocoa: 8cecf331302b8ae5381bbab1bccba4ede2eae6a8
  RxDataSources: 1cd87dc97fd46be002942eb1dcb1b432535141dd
  RxSwift: 0823e8d7969c23bfa9ddfb2afa4881e424a1a710
  SnapKit: 2e456761aa92d4d4067a7a5594c18769d451a8ad
  Toast: 32c59229abfcf41850162b83bb9259dc84372473
  UIButton-ANDYHighlighted: da99b536b0b4a3c8d86c15c9b38cb10fddb09be6

PODFILE CHECKSUM: 5b90983a8eb20067f8c3ecf1f604b502d23459e7

COCOAPODS: 1.1.0.rc.3
