PODS:
  - Alamofire (4.0.1)
  - DRYUI (1.1.4):
    - DRYUI/base (= 1.1.4)
    - DRYUI/objc (= 1.1.4)
    - DRYUI/swift (= 1.1.4)
  - DRYUI/base (1.1.4):
    - Masonry
  - DRYUI/objc (1.1.4):
    - DRYUI/base
  - DRYUI/swift (1.1.4):
    - DRYUI/base
    - SnapKit (~> 3.0)
  - JSONModel (1.7.0)
  - Masonry (1.0.2)
  - MoveViewUpForKeyboardKit (2.0.0)
  - ObjectMapper (2.2.2)
  - Popover (1.0.2)
  - RxCocoa (3.0.1):
    - RxSwift (~> 3.0)
  - RxDataSources (1.0.0):
    - RxCocoa (~> 3.0)
    - RxSwift (~> 3.0)
  - RxGesture (0.2.0):
    - RxCocoa (~> 3.0.0)
    - RxSwift (~> 3.0.0)
  - RxSwift (3.0.1)
  - SnapKit (3.0.2)
  - SwiftyDropbox (4.1.1):
    - Alamofire (~> 4.0.1)
  - Toast-Swift (2.0.0)
  - UIButton-ANDYHighlighted (2.0.0)

DEPENDENCIES:
  - DRYUI
  - JSONModel
  - MoveViewUpForKeyboardKit
  - ObjectMapper
  - Popover (from `Popover`)
  - RxCocoa (~> 3.0.0)
  - RxDataSources (~> 1.0.0-beta.2)
  - RxGesture
  - RxSwift (~> 3.0.0)
  - SwiftyDropbox
  - Toast-Swift
  - UIButton-ANDYHighlighted

SPEC REPOS:
  https://github.com/cocoapods/specs.git:
    - Alamofire
    - DRYUI
    - JSONModel
    - Masonry
    - MoveViewUpForKeyboardKit
    - ObjectMapper
    - RxCocoa
    - RxDataSources
    - RxGesture
    - RxSwift
    - SnapKit
    - SwiftyDropbox
    - Toast-Swift
    - UIButton-ANDYHighlighted

EXTERNAL SOURCES:
  Popover:
    :path: Popover

SPEC CHECKSUMS:
  Alamofire: 7682d43245de14874acd142ec137b144aa1dd335
  DRYUI: 54ad8da7ddc66afbdb8e5648737ef2e451511d8d
  JSONModel: 840bc0fcffb24b8454d2c026bf26fea454b8e98d
  Masonry: 7c429b56da9d4ee0bbb3ed77a5ea710d6a5df39e
  MoveViewUpForKeyboardKit: a1f9de6b1dd7aa9451f9a80d763f37cf55f6b218
  ObjectMapper: 9e385c2295bcc4e16eabbcfc85db801442bba545
  Popover: d9da80e2965ded8495b20041c3ca92cbdd949f22
  RxCocoa: 15a52fc590dcc700cb4a690a633b5c5184ce3a78
  RxDataSources: 824693e84d00781d0a5e5cedc1ff95ce9250aacd
  RxGesture: 17b250d3c6732b35fab53d09800d35ceef717847
  RxSwift: af5680055c4ad04480189c52d28385b1029493a6
  SnapKit: 2e456761aa92d4d4067a7a5594c18769d451a8ad
  SwiftyDropbox: dfcd4d308d32d74729255b48833db61acdfb9c23
  Toast-Swift: 5b2f8f720f7e78e48511f693df1f9c9a6e38a25a
  UIButton-ANDYHighlighted: 3fcadf780786d8d2b4928b0d0e7394e43e827254

PODFILE CHECKSUM: f92eeb882ce1f80bbcf80179d815780adb90bf5f

COCOAPODS: 1.5.3
