// !$*UTF8*$!
{
	archiveVersion = 1;
	classes = {
	};
	objectVersion = 46;
	objects = {

/* Begin PBXBuildFile section */
		04439B03210A85AFF895CC30 /* Pods_tracker.framework in Frameworks */ = {isa = PBXBuildFile; fileRef = AF11449F2EFACA3CE0CA70BB /* Pods_tracker.framework */; };
		2F0A01A4C372AB4E65D519EA /* Pods_TrackerToday.framework in Frameworks */ = {isa = PBXBuildFile; fileRef = B52C20B1681CFD3D6586731B /* Pods_TrackerToday.framework */; };
		85034EBC1DC9405A0032DEBC /* ListViewController.swift in Sources */ = {isa = PBXBuildFile; fileRef = 85034EBB1DC9405A0032DEBC /* ListViewController.swift */; };
		85034EBD1DC9405A0032DEBC /* ListViewController.swift in Sources */ = {isa = PBXBuildFile; fileRef = 85034EBB1DC9405A0032DEBC /* ListViewController.swift */; };
		851B5F561D414F0D00A3AFFD /* TimelineViewController.m in Sources */ = {isa = PBXBuildFile; fileRef = 851B5F551D414F0D00A3AFFD /* TimelineViewController.m */; };
		8527E87D1DC68124008E8234 /* ReadingViewController.swift in Sources */ = {isa = PBXBuildFile; fileRef = 8527E87C1DC68124008E8234 /* ReadingViewController.swift */; };
		853B23D41D6EA77200CD9AE5 /* SwiftViewController.swift in Sources */ = {isa = PBXBuildFile; fileRef = 853B23D31D6EA77200CD9AE5 /* SwiftViewController.swift */; };
		854F17B51D28371A0051BE48 /* DropboxSDK.framework in Frameworks */ = {isa = PBXBuildFile; fileRef = 854F17B41D28371A0051BE48 /* DropboxSDK.framework */; };
		854F17B71D2837290051BE48 /* Security.framework in Frameworks */ = {isa = PBXBuildFile; fileRef = 854F17B61D2837290051BE48 /* Security.framework */; };
		854F17B91D28372D0051BE48 /* QuartzCore.framework in Frameworks */ = {isa = PBXBuildFile; fileRef = 854F17B81D28372D0051BE48 /* QuartzCore.framework */; };
		855566031E62008300E03555 /* NotificationManager.swift in Sources */ = {isa = PBXBuildFile; fileRef = 855566021E62008300E03555 /* NotificationManager.swift */; };
		855566041E62008300E03555 /* NotificationManager.swift in Sources */ = {isa = PBXBuildFile; fileRef = 855566021E62008300E03555 /* NotificationManager.swift */; };
		855566061E62033900E03555 /* UserNotifications.framework in Frameworks */ = {isa = PBXBuildFile; fileRef = 855566051E62033900E03555 /* UserNotifications.framework */; };
		8555660B1E620C2000E03555 /* AppDelegate.swift in Sources */ = {isa = PBXBuildFile; fileRef = 8555660A1E620C2000E03555 /* AppDelegate.swift */; };
		857DA4B31D090C7B00497E60 /* main.m in Sources */ = {isa = PBXBuildFile; fileRef = 857DA4B21D090C7B00497E60 /* main.m */; };
		857DA4BE1D090C7B00497E60 /* Assets.xcassets in Resources */ = {isa = PBXBuildFile; fileRef = 857DA4BD1D090C7B00497E60 /* Assets.xcassets */; };
		857DA4C11D090C7B00497E60 /* LaunchScreen.storyboard in Resources */ = {isa = PBXBuildFile; fileRef = 857DA4BF1D090C7B00497E60 /* LaunchScreen.storyboard */; };
		858916501DF4A283005C53E1 /* DataModel.swift in Sources */ = {isa = PBXBuildFile; fileRef = 8589164D1DF4A283005C53E1 /* DataModel.swift */; };
		858916511DF4A283005C53E1 /* ModelComputations.swift in Sources */ = {isa = PBXBuildFile; fileRef = 8589164E1DF4A283005C53E1 /* ModelComputations.swift */; };
		858916521DF4A283005C53E1 /* SchemaModel.swift in Sources */ = {isa = PBXBuildFile; fileRef = 8589164F1DF4A283005C53E1 /* SchemaModel.swift */; };
		8589165E1DF4A2BF005C53E1 /* Data.m in Sources */ = {isa = PBXBuildFile; fileRef = 858916551DF4A2BF005C53E1 /* Data.m */; };
		8589165F1DF4A2BF005C53E1 /* EEvent.m in Sources */ = {isa = PBXBuildFile; fileRef = 858916571DF4A2BF005C53E1 /* EEvent.m */; };
		858916601DF4A2BF005C53E1 /* Schema.m in Sources */ = {isa = PBXBuildFile; fileRef = 858916591DF4A2BF005C53E1 /* Schema.m */; };
		858916611DF4A2BF005C53E1 /* State.m in Sources */ = {isa = PBXBuildFile; fileRef = 8589165B1DF4A2BF005C53E1 /* State.m */; };
		858916621DF4A2BF005C53E1 /* StateSchema.m in Sources */ = {isa = PBXBuildFile; fileRef = 8589165D1DF4A2BF005C53E1 /* StateSchema.m */; };
		858916631DF4A30C005C53E1 /* DataModel.swift in Sources */ = {isa = PBXBuildFile; fileRef = 8589164D1DF4A283005C53E1 /* DataModel.swift */; };
		858916641DF4A30C005C53E1 /* SchemaModel.swift in Sources */ = {isa = PBXBuildFile; fileRef = 8589164F1DF4A283005C53E1 /* SchemaModel.swift */; };
		858916651DF4A30C005C53E1 /* ModelComputations.swift in Sources */ = {isa = PBXBuildFile; fileRef = 8589164E1DF4A283005C53E1 /* ModelComputations.swift */; };
		858916661DF4A313005C53E1 /* Data.m in Sources */ = {isa = PBXBuildFile; fileRef = 858916551DF4A2BF005C53E1 /* Data.m */; };
		858916671DF4A313005C53E1 /* EEvent.m in Sources */ = {isa = PBXBuildFile; fileRef = 858916571DF4A2BF005C53E1 /* EEvent.m */; };
		858916681DF4A313005C53E1 /* Schema.m in Sources */ = {isa = PBXBuildFile; fileRef = 858916591DF4A2BF005C53E1 /* Schema.m */; };
		858916691DF4A313005C53E1 /* State.m in Sources */ = {isa = PBXBuildFile; fileRef = 8589165B1DF4A2BF005C53E1 /* State.m */; };
		8589166A1DF4A313005C53E1 /* StateSchema.m in Sources */ = {isa = PBXBuildFile; fileRef = 8589165D1DF4A2BF005C53E1 /* StateSchema.m */; };
		8589166C1DF4A4F7005C53E1 /* StringDateJSONTransform.swift in Sources */ = {isa = PBXBuildFile; fileRef = 8589166B1DF4A4F7005C53E1 /* StringDateJSONTransform.swift */; };
		8589166D1DF4A4F7005C53E1 /* StringDateJSONTransform.swift in Sources */ = {isa = PBXBuildFile; fileRef = 8589166B1DF4A4F7005C53E1 /* StringDateJSONTransform.swift */; };
		858B4AC81DC990EE00D56020 /* EventViewController.swift in Sources */ = {isa = PBXBuildFile; fileRef = 858B4AC71DC990EE00D56020 /* EventViewController.swift */; };
		858B4AC91DC990EE00D56020 /* EventViewController.swift in Sources */ = {isa = PBXBuildFile; fileRef = 858B4AC71DC990EE00D56020 /* EventViewController.swift */; };
		85AC34C21D6E407900EBFC12 /* UIColor+Chameleon.m in Sources */ = {isa = PBXBuildFile; fileRef = 85AC34BF1D6E407900EBFC12 /* UIColor+Chameleon.m */; };
		85AC34C41D6E407900EBFC12 /* UIColor+ChameleonPrivate.m in Sources */ = {isa = PBXBuildFile; fileRef = 85AC34C11D6E407900EBFC12 /* UIColor+ChameleonPrivate.m */; };
		85AC34C81D761D7500EBFC12 /* Extensions.swift in Sources */ = {isa = PBXBuildFile; fileRef = 85AC34C71D761D7500EBFC12 /* Extensions.swift */; };
		85AC34CB1D76288B00EBFC12 /* Styles.swift in Sources */ = {isa = PBXBuildFile; fileRef = 85AC34CA1D76288B00EBFC12 /* Styles.swift */; };
		85AC34D41D77506000EBFC12 /* SSyncManager.swift in Sources */ = {isa = PBXBuildFile; fileRef = 85AC34D31D77506000EBFC12 /* SSyncManager.swift */; };
		85B081B01D6D60380008B256 /* DropboxSessionManager.m in Sources */ = {isa = PBXBuildFile; fileRef = 85B081AF1D6D60380008B256 /* DropboxSessionManager.m */; };
		85C162D51DB3FA6A001C75AC /* ButtonGridView.swift in Sources */ = {isa = PBXBuildFile; fileRef = 85C162D41DB3FA6A001C75AC /* ButtonGridView.swift */; };
		85E7D3FB1DC6C1B2004E67D9 /* NotificationCenter.framework in Frameworks */ = {isa = PBXBuildFile; fileRef = 85555F901D5D23F2003047BC /* NotificationCenter.framework */; };
		85E7D4011DC6C387004E67D9 /* NotificationCenter.framework in Frameworks */ = {isa = PBXBuildFile; fileRef = 85555F901D5D23F2003047BC /* NotificationCenter.framework */; };
		85E7D4071DC6C387004E67D9 /* MainInterface.storyboard in Resources */ = {isa = PBXBuildFile; fileRef = 85E7D4051DC6C387004E67D9 /* MainInterface.storyboard */; };
		85E7D40B1DC6C387004E67D9 /* TrackerToday.appex in Embed App Extensions */ = {isa = PBXBuildFile; fileRef = 85E7D4001DC6C387004E67D9 /* TrackerToday.appex */; settings = {ATTRIBUTES = (RemoveHeadersOnCopy, ); }; };
		85E7D4111DC6C4F4004E67D9 /* Utils.m in Sources */ = {isa = PBXBuildFile; fileRef = 85F299571D4AAA32007BA84A /* Utils.m */; };
		85E7D4121DC6C4F4004E67D9 /* SyncManager.m in Sources */ = {isa = PBXBuildFile; fileRef = 85F1BA041D2F026500C2A7E3 /* SyncManager.m */; };
		85E7D4191DC6C4F4004E67D9 /* SSyncManager.swift in Sources */ = {isa = PBXBuildFile; fileRef = 85AC34D31D77506000EBFC12 /* SSyncManager.swift */; };
		85E7D41D1DC6C4F4004E67D9 /* SwiftViewController.swift in Sources */ = {isa = PBXBuildFile; fileRef = 853B23D31D6EA77200CD9AE5 /* SwiftViewController.swift */; };
		85E7D41E1DC6C4F4004E67D9 /* ReadingViewController.swift in Sources */ = {isa = PBXBuildFile; fileRef = 8527E87C1DC68124008E8234 /* ReadingViewController.swift */; };
		85E7D41F1DC6C4F4004E67D9 /* ButtonGridView.swift in Sources */ = {isa = PBXBuildFile; fileRef = 85C162D41DB3FA6A001C75AC /* ButtonGridView.swift */; };
		85E7D4201DC6C4F4004E67D9 /* Styles.swift in Sources */ = {isa = PBXBuildFile; fileRef = 85AC34CA1D76288B00EBFC12 /* Styles.swift */; };
		85E7D4221DC6C4F4004E67D9 /* TimelineViewController.m in Sources */ = {isa = PBXBuildFile; fileRef = 851B5F551D414F0D00A3AFFD /* TimelineViewController.m */; };
		85E7D4231DC6C4F4004E67D9 /* TimelineColumnView.m in Sources */ = {isa = PBXBuildFile; fileRef = 85F2995A1D4BFEED007BA84A /* TimelineColumnView.m */; };
		85E7D4291DC6C60E004E67D9 /* DropboxSDK.framework in Frameworks */ = {isa = PBXBuildFile; fileRef = 854F17B41D28371A0051BE48 /* DropboxSDK.framework */; };
		85E7D42A1DC6C625004E67D9 /* Extensions.swift in Sources */ = {isa = PBXBuildFile; fileRef = 85AC34C71D761D7500EBFC12 /* Extensions.swift */; };
		85E7D42B1DC6C70D004E67D9 /* UIColor+Chameleon.m in Sources */ = {isa = PBXBuildFile; fileRef = 85AC34BF1D6E407900EBFC12 /* UIColor+Chameleon.m */; };
		85E7D42C1DC6C70D004E67D9 /* UIColor+ChameleonPrivate.m in Sources */ = {isa = PBXBuildFile; fileRef = 85AC34C11D6E407900EBFC12 /* UIColor+ChameleonPrivate.m */; };
		85F1BA051D2F026500C2A7E3 /* SyncManager.m in Sources */ = {isa = PBXBuildFile; fileRef = 85F1BA041D2F026500C2A7E3 /* SyncManager.m */; };
		85F299581D4AAA32007BA84A /* Utils.m in Sources */ = {isa = PBXBuildFile; fileRef = 85F299571D4AAA32007BA84A /* Utils.m */; };
		85F2995B1D4BFEED007BA84A /* TimelineColumnView.m in Sources */ = {isa = PBXBuildFile; fileRef = 85F2995A1D4BFEED007BA84A /* TimelineColumnView.m */; };
/* End PBXBuildFile section */

/* Begin PBXContainerItemProxy section */
		85E7D4091DC6C387004E67D9 /* PBXContainerItemProxy */ = {
			isa = PBXContainerItemProxy;
			containerPortal = 857DA4A61D090C7B00497E60 /* Project object */;
			proxyType = 1;
			remoteGlobalIDString = 85E7D3FF1DC6C387004E67D9;
			remoteInfo = TrackerToday;
		};
/* End PBXContainerItemProxy section */

/* Begin PBXCopyFilesBuildPhase section */
		85555FA01D5D23F2003047BC /* Embed App Extensions */ = {
			isa = PBXCopyFilesBuildPhase;
			buildActionMask = 2147483647;
			dstPath = "";
			dstSubfolderSpec = 13;
			files = (
				85E7D40B1DC6C387004E67D9 /* TrackerToday.appex in Embed App Extensions */,
			);
			name = "Embed App Extensions";
			runOnlyForDeploymentPostprocessing = 0;
		};
/* End PBXCopyFilesBuildPhase section */

/* Begin PBXFileReference section */
		0C901195876F0D179525B7CF /* Pods-TrackerToday.debug.xcconfig */ = {isa = PBXFileReference; includeInIndex = 1; lastKnownFileType = text.xcconfig; name = "Pods-TrackerToday.debug.xcconfig"; path = "Pods/Target Support Files/Pods-TrackerToday/Pods-TrackerToday.debug.xcconfig"; sourceTree = "<group>"; };
		4376796216BAE32BD89DC4AF /* Pods-tracker.debug.xcconfig */ = {isa = PBXFileReference; includeInIndex = 1; lastKnownFileType = text.xcconfig; name = "Pods-tracker.debug.xcconfig"; path = "Pods/Target Support Files/Pods-tracker/Pods-tracker.debug.xcconfig"; sourceTree = "<group>"; };
		85034EBB1DC9405A0032DEBC /* ListViewController.swift */ = {isa = PBXFileReference; fileEncoding = 4; lastKnownFileType = sourcecode.swift; path = ListViewController.swift; sourceTree = "<group>"; };
		851B5F541D414F0D00A3AFFD /* TimelineViewController.h */ = {isa = PBXFileReference; fileEncoding = 4; lastKnownFileType = sourcecode.c.h; path = TimelineViewController.h; sourceTree = "<group>"; };
		851B5F551D414F0D00A3AFFD /* TimelineViewController.m */ = {isa = PBXFileReference; fileEncoding = 4; lastKnownFileType = sourcecode.c.objc; path = TimelineViewController.m; sourceTree = "<group>"; };
		8527E87C1DC68124008E8234 /* ReadingViewController.swift */ = {isa = PBXFileReference; fileEncoding = 4; lastKnownFileType = sourcecode.swift; path = ReadingViewController.swift; sourceTree = "<group>"; };
		853B23D11D6EA77100CD9AE5 /* tracker-Bridging-Header.h */ = {isa = PBXFileReference; lastKnownFileType = sourcecode.c.h; path = "tracker-Bridging-Header.h"; sourceTree = "<group>"; };
		853B23D21D6EA77200CD9AE5 /* TrackerToday-Bridging-Header.h */ = {isa = PBXFileReference; lastKnownFileType = sourcecode.c.h; path = "TrackerToday-Bridging-Header.h"; sourceTree = "<group>"; };
		853B23D31D6EA77200CD9AE5 /* SwiftViewController.swift */ = {isa = PBXFileReference; fileEncoding = 4; lastKnownFileType = sourcecode.swift; path = SwiftViewController.swift; sourceTree = "<group>"; };
		854F17B41D28371A0051BE48 /* DropboxSDK.framework */ = {isa = PBXFileReference; lastKnownFileType = wrapper.framework; path = DropboxSDK.framework; sourceTree = "<group>"; };
		854F17B61D2837290051BE48 /* Security.framework */ = {isa = PBXFileReference; lastKnownFileType = wrapper.framework; name = Security.framework; path = System/Library/Frameworks/Security.framework; sourceTree = SDKROOT; };
		854F17B81D28372D0051BE48 /* QuartzCore.framework */ = {isa = PBXFileReference; lastKnownFileType = wrapper.framework; name = QuartzCore.framework; path = System/Library/Frameworks/QuartzCore.framework; sourceTree = SDKROOT; };
		854F17BC1D284E440051BE48 /* debug.xcconfig */ = {isa = PBXFileReference; fileEncoding = 4; lastKnownFileType = text.xcconfig; path = debug.xcconfig; sourceTree = SOURCE_ROOT; };
		854F17BD1D284E440051BE48 /* release.xcconfig */ = {isa = PBXFileReference; fileEncoding = 4; lastKnownFileType = text.xcconfig; path = release.xcconfig; sourceTree = SOURCE_ROOT; };
		85555F901D5D23F2003047BC /* NotificationCenter.framework */ = {isa = PBXFileReference; lastKnownFileType = wrapper.framework; name = NotificationCenter.framework; path = System/Library/Frameworks/NotificationCenter.framework; sourceTree = SDKROOT; };
		85555FAF1D5D69AA003047BC /* tracker.entitlements */ = {isa = PBXFileReference; lastKnownFileType = text.xml; path = tracker.entitlements; sourceTree = "<group>"; };
		855566021E62008300E03555 /* NotificationManager.swift */ = {isa = PBXFileReference; fileEncoding = 4; lastKnownFileType = sourcecode.swift; path = NotificationManager.swift; sourceTree = "<group>"; };
		855566051E62033900E03555 /* UserNotifications.framework */ = {isa = PBXFileReference; lastKnownFileType = wrapper.framework; name = UserNotifications.framework; path = System/Library/Frameworks/UserNotifications.framework; sourceTree = SDKROOT; };
		8555660A1E620C2000E03555 /* AppDelegate.swift */ = {isa = PBXFileReference; fileEncoding = 4; lastKnownFileType = sourcecode.swift; path = AppDelegate.swift; sourceTree = "<group>"; };
		857DA4AE1D090C7B00497E60 /* tracker.app */ = {isa = PBXFileReference; explicitFileType = wrapper.application; includeInIndex = 0; path = tracker.app; sourceTree = BUILT_PRODUCTS_DIR; };
		857DA4B21D090C7B00497E60 /* main.m */ = {isa = PBXFileReference; lastKnownFileType = sourcecode.c.objc; path = main.m; sourceTree = "<group>"; };
		857DA4BD1D090C7B00497E60 /* Assets.xcassets */ = {isa = PBXFileReference; lastKnownFileType = folder.assetcatalog; path = Assets.xcassets; sourceTree = "<group>"; };
		857DA4C01D090C7B00497E60 /* Base */ = {isa = PBXFileReference; lastKnownFileType = file.storyboard; name = Base; path = Base.lproj/LaunchScreen.storyboard; sourceTree = "<group>"; };
		857DA4C21D090C7B00497E60 /* Info.plist */ = {isa = PBXFileReference; lastKnownFileType = text.plist.xml; path = Info.plist; sourceTree = "<group>"; };
		8589164D1DF4A283005C53E1 /* DataModel.swift */ = {isa = PBXFileReference; fileEncoding = 4; lastKnownFileType = sourcecode.swift; path = DataModel.swift; sourceTree = "<group>"; };
		8589164E1DF4A283005C53E1 /* ModelComputations.swift */ = {isa = PBXFileReference; fileEncoding = 4; lastKnownFileType = sourcecode.swift; path = ModelComputations.swift; sourceTree = "<group>"; };
		8589164F1DF4A283005C53E1 /* SchemaModel.swift */ = {isa = PBXFileReference; fileEncoding = 4; lastKnownFileType = sourcecode.swift; path = SchemaModel.swift; sourceTree = "<group>"; };
		858916541DF4A2BF005C53E1 /* Data.h */ = {isa = PBXFileReference; fileEncoding = 4; lastKnownFileType = sourcecode.c.h; path = Data.h; sourceTree = "<group>"; };
		858916551DF4A2BF005C53E1 /* Data.m */ = {isa = PBXFileReference; fileEncoding = 4; lastKnownFileType = sourcecode.c.objc; path = Data.m; sourceTree = "<group>"; };
		858916561DF4A2BF005C53E1 /* EEvent.h */ = {isa = PBXFileReference; fileEncoding = 4; lastKnownFileType = sourcecode.c.h; path = EEvent.h; sourceTree = "<group>"; };
		858916571DF4A2BF005C53E1 /* EEvent.m */ = {isa = PBXFileReference; fileEncoding = 4; lastKnownFileType = sourcecode.c.objc; path = EEvent.m; sourceTree = "<group>"; };
		858916581DF4A2BF005C53E1 /* Schema.h */ = {isa = PBXFileReference; fileEncoding = 4; lastKnownFileType = sourcecode.c.h; path = Schema.h; sourceTree = "<group>"; };
		858916591DF4A2BF005C53E1 /* Schema.m */ = {isa = PBXFileReference; fileEncoding = 4; lastKnownFileType = sourcecode.c.objc; path = Schema.m; sourceTree = "<group>"; };
		8589165A1DF4A2BF005C53E1 /* State.h */ = {isa = PBXFileReference; fileEncoding = 4; lastKnownFileType = sourcecode.c.h; path = State.h; sourceTree = "<group>"; };
		8589165B1DF4A2BF005C53E1 /* State.m */ = {isa = PBXFileReference; fileEncoding = 4; lastKnownFileType = sourcecode.c.objc; path = State.m; sourceTree = "<group>"; };
		8589165C1DF4A2BF005C53E1 /* StateSchema.h */ = {isa = PBXFileReference; fileEncoding = 4; lastKnownFileType = sourcecode.c.h; path = StateSchema.h; sourceTree = "<group>"; };
		8589165D1DF4A2BF005C53E1 /* StateSchema.m */ = {isa = PBXFileReference; fileEncoding = 4; lastKnownFileType = sourcecode.c.objc; path = StateSchema.m; sourceTree = "<group>"; };
		8589166B1DF4A4F7005C53E1 /* StringDateJSONTransform.swift */ = {isa = PBXFileReference; fileEncoding = 4; lastKnownFileType = sourcecode.swift; name = StringDateJSONTransform.swift; path = tracker/StringDateJSONTransform.swift; sourceTree = SOURCE_ROOT; };
		858B4AC71DC990EE00D56020 /* EventViewController.swift */ = {isa = PBXFileReference; fileEncoding = 4; lastKnownFileType = sourcecode.swift; path = EventViewController.swift; sourceTree = "<group>"; };
		85AC34BE1D6E407900EBFC12 /* UIColor+Chameleon.h */ = {isa = PBXFileReference; fileEncoding = 4; lastKnownFileType = sourcecode.c.h; path = "UIColor+Chameleon.h"; sourceTree = "<group>"; };
		85AC34BF1D6E407900EBFC12 /* UIColor+Chameleon.m */ = {isa = PBXFileReference; fileEncoding = 4; lastKnownFileType = sourcecode.c.objc; path = "UIColor+Chameleon.m"; sourceTree = "<group>"; };
		85AC34C01D6E407900EBFC12 /* UIColor+ChameleonPrivate.h */ = {isa = PBXFileReference; fileEncoding = 4; lastKnownFileType = sourcecode.c.h; path = "UIColor+ChameleonPrivate.h"; sourceTree = "<group>"; };
		85AC34C11D6E407900EBFC12 /* UIColor+ChameleonPrivate.m */ = {isa = PBXFileReference; fileEncoding = 4; lastKnownFileType = sourcecode.c.objc; path = "UIColor+ChameleonPrivate.m"; sourceTree = "<group>"; };
		85AC34C61D6E409B00EBFC12 /* ChameleonMacros.h */ = {isa = PBXFileReference; lastKnownFileType = sourcecode.c.h; path = ChameleonMacros.h; sourceTree = "<group>"; };
		85AC34C71D761D7500EBFC12 /* Extensions.swift */ = {isa = PBXFileReference; fileEncoding = 4; lastKnownFileType = sourcecode.swift; path = Extensions.swift; sourceTree = "<group>"; };
		85AC34CA1D76288B00EBFC12 /* Styles.swift */ = {isa = PBXFileReference; fileEncoding = 4; lastKnownFileType = sourcecode.swift; path = Styles.swift; sourceTree = "<group>"; };
		85AC34D31D77506000EBFC12 /* SSyncManager.swift */ = {isa = PBXFileReference; fileEncoding = 4; lastKnownFileType = sourcecode.swift; path = SSyncManager.swift; sourceTree = "<group>"; };
		85B081AE1D6D60380008B256 /* DropboxSessionManager.h */ = {isa = PBXFileReference; fileEncoding = 4; lastKnownFileType = sourcecode.c.h; path = DropboxSessionManager.h; sourceTree = "<group>"; };
		85B081AF1D6D60380008B256 /* DropboxSessionManager.m */ = {isa = PBXFileReference; fileEncoding = 4; lastKnownFileType = sourcecode.c.objc; path = DropboxSessionManager.m; sourceTree = "<group>"; };
		85C162D41DB3FA6A001C75AC /* ButtonGridView.swift */ = {isa = PBXFileReference; fileEncoding = 4; lastKnownFileType = sourcecode.swift; path = ButtonGridView.swift; sourceTree = "<group>"; };
		85CEEB9A1D2C0442008A3F6F /* secrets.xcconfig */ = {isa = PBXFileReference; fileEncoding = 4; lastKnownFileType = text.xcconfig; path = secrets.xcconfig; sourceTree = SOURCE_ROOT; };
		85E7D4001DC6C387004E67D9 /* TrackerToday.appex */ = {isa = PBXFileReference; explicitFileType = "wrapper.app-extension"; includeInIndex = 0; path = TrackerToday.appex; sourceTree = BUILT_PRODUCTS_DIR; };
		85E7D4031DC6C387004E67D9 /* TodayViewController.swift */ = {isa = PBXFileReference; lastKnownFileType = sourcecode.swift; path = TodayViewController.swift; sourceTree = "<group>"; };
		85E7D4061DC6C387004E67D9 /* Base */ = {isa = PBXFileReference; lastKnownFileType = file.storyboard; name = Base; path = Base.lproj/MainInterface.storyboard; sourceTree = "<group>"; };
		85E7D4081DC6C387004E67D9 /* Info.plist */ = {isa = PBXFileReference; lastKnownFileType = text.plist.xml; path = Info.plist; sourceTree = "<group>"; };
		85E7D42D1DC6CA70004E67D9 /* TrackerToday.entitlements */ = {isa = PBXFileReference; lastKnownFileType = text.plist.entitlements; path = TrackerToday.entitlements; sourceTree = "<group>"; };
		85F1BA031D2F026500C2A7E3 /* SyncManager.h */ = {isa = PBXFileReference; fileEncoding = 4; lastKnownFileType = sourcecode.c.h; path = SyncManager.h; sourceTree = "<group>"; };
		85F1BA041D2F026500C2A7E3 /* SyncManager.m */ = {isa = PBXFileReference; fileEncoding = 4; lastKnownFileType = sourcecode.c.objc; path = SyncManager.m; sourceTree = "<group>"; };
		85F299561D4AAA32007BA84A /* Utils.h */ = {isa = PBXFileReference; fileEncoding = 4; lastKnownFileType = sourcecode.c.h; path = Utils.h; sourceTree = "<group>"; };
		85F299571D4AAA32007BA84A /* Utils.m */ = {isa = PBXFileReference; fileEncoding = 4; lastKnownFileType = sourcecode.c.objc; path = Utils.m; sourceTree = "<group>"; };
		85F299591D4BFEED007BA84A /* TimelineColumnView.h */ = {isa = PBXFileReference; fileEncoding = 4; lastKnownFileType = sourcecode.c.h; path = TimelineColumnView.h; sourceTree = "<group>"; };
		85F2995A1D4BFEED007BA84A /* TimelineColumnView.m */ = {isa = PBXFileReference; fileEncoding = 4; lastKnownFileType = sourcecode.c.objc; path = TimelineColumnView.m; sourceTree = "<group>"; };
		9966693FBD0AEE9D859492DE /* Pods-tracker.release.xcconfig */ = {isa = PBXFileReference; includeInIndex = 1; lastKnownFileType = text.xcconfig; name = "Pods-tracker.release.xcconfig"; path = "Pods/Target Support Files/Pods-tracker/Pods-tracker.release.xcconfig"; sourceTree = "<group>"; };
		AF11449F2EFACA3CE0CA70BB /* Pods_tracker.framework */ = {isa = PBXFileReference; explicitFileType = wrapper.framework; includeInIndex = 0; path = Pods_tracker.framework; sourceTree = BUILT_PRODUCTS_DIR; };
		B52C20B1681CFD3D6586731B /* Pods_TrackerToday.framework */ = {isa = PBXFileReference; explicitFileType = wrapper.framework; includeInIndex = 0; path = Pods_TrackerToday.framework; sourceTree = BUILT_PRODUCTS_DIR; };
		D3C2606702D4CF66700E59C1 /* Pods-TrackerToday.release.xcconfig */ = {isa = PBXFileReference; includeInIndex = 1; lastKnownFileType = text.xcconfig; name = "Pods-TrackerToday.release.xcconfig"; path = "Pods/Target Support Files/Pods-TrackerToday/Pods-TrackerToday.release.xcconfig"; sourceTree = "<group>"; };
/* End PBXFileReference section */

/* Begin PBXFrameworksBuildPhase section */
		857DA4AB1D090C7B00497E60 /* Frameworks */ = {
			isa = PBXFrameworksBuildPhase;
			buildActionMask = 2147483647;
			files = (
				855566061E62033900E03555 /* UserNotifications.framework in Frameworks */,
				85E7D3FB1DC6C1B2004E67D9 /* NotificationCenter.framework in Frameworks */,
				854F17B91D28372D0051BE48 /* QuartzCore.framework in Frameworks */,
				854F17B71D2837290051BE48 /* Security.framework in Frameworks */,
				854F17B51D28371A0051BE48 /* DropboxSDK.framework in Frameworks */,
				04439B03210A85AFF895CC30 /* Pods_tracker.framework in Frameworks */,
			);
			runOnlyForDeploymentPostprocessing = 0;
		};
		85E7D3FD1DC6C387004E67D9 /* Frameworks */ = {
			isa = PBXFrameworksBuildPhase;
			buildActionMask = 2147483647;
			files = (
				85E7D4011DC6C387004E67D9 /* NotificationCenter.framework in Frameworks */,
				2F0A01A4C372AB4E65D519EA /* Pods_TrackerToday.framework in Frameworks */,
				85E7D4291DC6C60E004E67D9 /* DropboxSDK.framework in Frameworks */,
			);
			runOnlyForDeploymentPostprocessing = 0;
		};
/* End PBXFrameworksBuildPhase section */

/* Begin PBXGroup section */
		19361570CE402AADC59B0A76 /* Frameworks */ = {
			isa = PBXGroup;
			children = (
				855566051E62033900E03555 /* UserNotifications.framework */,
				854F17B81D28372D0051BE48 /* QuartzCore.framework */,
				854F17B61D2837290051BE48 /* Security.framework */,
				854F17B41D28371A0051BE48 /* DropboxSDK.framework */,
				AF11449F2EFACA3CE0CA70BB /* Pods_tracker.framework */,
				85555F901D5D23F2003047BC /* NotificationCenter.framework */,
				B52C20B1681CFD3D6586731B /* Pods_TrackerToday.framework */,
			);
			name = Frameworks;
			sourceTree = "<group>";
		};
		260A27DE51E16B2152F14DA5 /* Pods */ = {
			isa = PBXGroup;
			children = (
				4376796216BAE32BD89DC4AF /* Pods-tracker.debug.xcconfig */,
				9966693FBD0AEE9D859492DE /* Pods-tracker.release.xcconfig */,
				0C901195876F0D179525B7CF /* Pods-TrackerToday.debug.xcconfig */,
				D3C2606702D4CF66700E59C1 /* Pods-TrackerToday.release.xcconfig */,
			);
			name = Pods;
			sourceTree = "<group>";
		};
		857DA4A51D090C7B00497E60 = {
			isa = PBXGroup;
			children = (
				857DA4B01D090C7B00497E60 /* tracker */,
				85E7D4021DC6C387004E67D9 /* TrackerToday */,
				857DA4AF1D090C7B00497E60 /* Products */,
				260A27DE51E16B2152F14DA5 /* Pods */,
				19361570CE402AADC59B0A76 /* Frameworks */,
			);
			sourceTree = "<group>";
		};
		857DA4AF1D090C7B00497E60 /* Products */ = {
			isa = PBXGroup;
			children = (
				857DA4AE1D090C7B00497E60 /* tracker.app */,
				85E7D4001DC6C387004E67D9 /* TrackerToday.appex */,
			);
			name = Products;
			sourceTree = "<group>";
		};
		857DA4B01D090C7B00497E60 /* tracker */ = {
			isa = PBXGroup;
			children = (
				85AC34BD1D6E407900EBFC12 /* Chameleon */,
				8589164C1DF4A283005C53E1 /* Model */,
				85555FAF1D5D69AA003047BC /* tracker.entitlements */,
				85F299561D4AAA32007BA84A /* Utils.h */,
				85F299571D4AAA32007BA84A /* Utils.m */,
				85F1BA031D2F026500C2A7E3 /* SyncManager.h */,
				85F1BA041D2F026500C2A7E3 /* SyncManager.m */,
				85B081AE1D6D60380008B256 /* DropboxSessionManager.h */,
				85B081AF1D6D60380008B256 /* DropboxSessionManager.m */,
				85AC34D31D77506000EBFC12 /* SSyncManager.swift */,
				855566021E62008300E03555 /* NotificationManager.swift */,
				85034EBB1DC9405A0032DEBC /* ListViewController.swift */,
				8555660A1E620C2000E03555 /* AppDelegate.swift */,
				858B4AC71DC990EE00D56020 /* EventViewController.swift */,
				853B23D31D6EA77200CD9AE5 /* SwiftViewController.swift */,
				8527E87C1DC68124008E8234 /* ReadingViewController.swift */,
				85C162D41DB3FA6A001C75AC /* ButtonGridView.swift */,
				85AC34CA1D76288B00EBFC12 /* Styles.swift */,
				851B5F541D414F0D00A3AFFD /* TimelineViewController.h */,
				851B5F551D414F0D00A3AFFD /* TimelineViewController.m */,
				85F299591D4BFEED007BA84A /* TimelineColumnView.h */,
				85F2995A1D4BFEED007BA84A /* TimelineColumnView.m */,
				857DA4BD1D090C7B00497E60 /* Assets.xcassets */,
				857DA4BF1D090C7B00497E60 /* LaunchScreen.storyboard */,
				857DA4C21D090C7B00497E60 /* Info.plist */,
				857DA4B11D090C7B00497E60 /* Supporting Files */,
				853B23D11D6EA77100CD9AE5 /* tracker-Bridging-Header.h */,
				853B23D21D6EA77200CD9AE5 /* TrackerToday-Bridging-Header.h */,
				85AC34C71D761D7500EBFC12 /* Extensions.swift */,
			);
			path = tracker;
			sourceTree = "<group>";
		};
		857DA4B11D090C7B00497E60 /* Supporting Files */ = {
			isa = PBXGroup;
			children = (
				854F17BC1D284E440051BE48 /* debug.xcconfig */,
				854F17BD1D284E440051BE48 /* release.xcconfig */,
				85CEEB9A1D2C0442008A3F6F /* secrets.xcconfig */,
				857DA4B21D090C7B00497E60 /* main.m */,
			);
			name = "Supporting Files";
			sourceTree = "<group>";
		};
		8589164C1DF4A283005C53E1 /* Model */ = {
			isa = PBXGroup;
			children = (
				858916531DF4A2BF005C53E1 /* ObjC */,
				8589164D1DF4A283005C53E1 /* DataModel.swift */,
				8589164F1DF4A283005C53E1 /* SchemaModel.swift */,
				8589164E1DF4A283005C53E1 /* ModelComputations.swift */,
				8589166B1DF4A4F7005C53E1 /* StringDateJSONTransform.swift */,
			);
			path = Model;
			sourceTree = "<group>";
		};
		858916531DF4A2BF005C53E1 /* ObjC */ = {
			isa = PBXGroup;
			children = (
				858916541DF4A2BF005C53E1 /* Data.h */,
				858916551DF4A2BF005C53E1 /* Data.m */,
				858916561DF4A2BF005C53E1 /* EEvent.h */,
				858916571DF4A2BF005C53E1 /* EEvent.m */,
				858916581DF4A2BF005C53E1 /* Schema.h */,
				858916591DF4A2BF005C53E1 /* Schema.m */,
				8589165A1DF4A2BF005C53E1 /* State.h */,
				8589165B1DF4A2BF005C53E1 /* State.m */,
				8589165C1DF4A2BF005C53E1 /* StateSchema.h */,
				8589165D1DF4A2BF005C53E1 /* StateSchema.m */,
			);
			path = ObjC;
			sourceTree = "<group>";
		};
		85AC34BD1D6E407900EBFC12 /* Chameleon */ = {
			isa = PBXGroup;
			children = (
				85AC34C61D6E409B00EBFC12 /* ChameleonMacros.h */,
				85AC34BE1D6E407900EBFC12 /* UIColor+Chameleon.h */,
				85AC34BF1D6E407900EBFC12 /* UIColor+Chameleon.m */,
				85AC34C01D6E407900EBFC12 /* UIColor+ChameleonPrivate.h */,
				85AC34C11D6E407900EBFC12 /* UIColor+ChameleonPrivate.m */,
			);
			path = Chameleon;
			sourceTree = "<group>";
		};
		85E7D4021DC6C387004E67D9 /* TrackerToday */ = {
			isa = PBXGroup;
			children = (
				85E7D42D1DC6CA70004E67D9 /* TrackerToday.entitlements */,
				85E7D4031DC6C387004E67D9 /* TodayViewController.swift */,
				85E7D4051DC6C387004E67D9 /* MainInterface.storyboard */,
				85E7D4081DC6C387004E67D9 /* Info.plist */,
			);
			path = TrackerToday;
			sourceTree = "<group>";
		};
/* End PBXGroup section */

/* Begin PBXNativeTarget section */
		857DA4AD1D090C7B00497E60 /* tracker */ = {
			isa = PBXNativeTarget;
			buildConfigurationList = 857DA4C51D090C7B00497E60 /* Build configuration list for PBXNativeTarget "tracker" */;
			buildPhases = (
				1503CAC9970C671D99D27E07 /* [CP] Check Pods Manifest.lock */,
				857DA4AA1D090C7B00497E60 /* Sources */,
				857DA4AB1D090C7B00497E60 /* Frameworks */,
				857DA4AC1D090C7B00497E60 /* Resources */,
				37076A5F158964F433EF8B24 /* [CP] Embed Pods Frameworks */,
				9078CD50F75193C0069397BC /* [CP] Copy Pods Resources */,
				85555FA01D5D23F2003047BC /* Embed App Extensions */,
			);
			buildRules = (
			);
			dependencies = (
				85E7D40A1DC6C387004E67D9 /* PBXTargetDependency */,
			);
			name = tracker;
			productName = tracker;
			productReference = 857DA4AE1D090C7B00497E60 /* tracker.app */;
			productType = "com.apple.product-type.application";
		};
		85E7D3FF1DC6C387004E67D9 /* TrackerToday */ = {
			isa = PBXNativeTarget;
			buildConfigurationList = 85E7D40C1DC6C387004E67D9 /* Build configuration list for PBXNativeTarget "TrackerToday" */;
			buildPhases = (
				F6A32AE1AE8E7BDD61D1A11F /* [CP] Check Pods Manifest.lock */,
				85E7D3FC1DC6C387004E67D9 /* Sources */,
				85E7D3FD1DC6C387004E67D9 /* Frameworks */,
				85E7D3FE1DC6C387004E67D9 /* Resources */,
				CD47958CCDB5273F6DC6C77D /* [CP] Copy Pods Resources */,
			);
			buildRules = (
			);
			dependencies = (
			);
			name = TrackerToday;
			productName = TrackerToday;
			productReference = 85E7D4001DC6C387004E67D9 /* TrackerToday.appex */;
			productType = "com.apple.product-type.app-extension";
		};
/* End PBXNativeTarget section */

/* Begin PBXProject section */
		857DA4A61D090C7B00497E60 /* Project object */ = {
			isa = PBXProject;
			attributes = {
				LastSwiftUpdateCheck = 0800;
				LastUpgradeCheck = 0800;
				ORGANIZATIONNAME = griff.zone;
				TargetAttributes = {
					857DA4AD1D090C7B00497E60 = {
						CreatedOnToolsVersion = 7.3.1;
						DevelopmentTeam = ANDFM73HPR;
						LastSwiftMigration = 0800;
						SystemCapabilities = {
							com.apple.ApplicationGroups.iOS = {
								enabled = 1;
							};
						};
					};
					85E7D3FF1DC6C387004E67D9 = {
						CreatedOnToolsVersion = 8.0;
						DevelopmentTeam = ANDFM73HPR;
						ProvisioningStyle = Automatic;
						SystemCapabilities = {
							com.apple.ApplicationGroups.iOS = {
								enabled = 1;
							};
						};
					};
				};
			};
			buildConfigurationList = 857DA4A91D090C7B00497E60 /* Build configuration list for PBXProject "tracker" */;
			compatibilityVersion = "Xcode 3.2";
			developmentRegion = English;
			hasScannedForEncodings = 0;
			knownRegions = (
				en,
				Base,
			);
			mainGroup = 857DA4A51D090C7B00497E60;
			productRefGroup = 857DA4AF1D090C7B00497E60 /* Products */;
			projectDirPath = "";
			projectRoot = "";
			targets = (
				857DA4AD1D090C7B00497E60 /* tracker */,
				85E7D3FF1DC6C387004E67D9 /* TrackerToday */,
			);
		};
/* End PBXProject section */

/* Begin PBXResourcesBuildPhase section */
		857DA4AC1D090C7B00497E60 /* Resources */ = {
			isa = PBXResourcesBuildPhase;
			buildActionMask = 2147483647;
			files = (
				857DA4C11D090C7B00497E60 /* LaunchScreen.storyboard in Resources */,
				857DA4BE1D090C7B00497E60 /* Assets.xcassets in Resources */,
			);
			runOnlyForDeploymentPostprocessing = 0;
		};
		85E7D3FE1DC6C387004E67D9 /* Resources */ = {
			isa = PBXResourcesBuildPhase;
			buildActionMask = 2147483647;
			files = (
				85E7D4071DC6C387004E67D9 /* MainInterface.storyboard in Resources */,
			);
			runOnlyForDeploymentPostprocessing = 0;
		};
/* End PBXResourcesBuildPhase section */

/* Begin PBXShellScriptBuildPhase section */
		1503CAC9970C671D99D27E07 /* [CP] Check Pods Manifest.lock */ = {
			isa = PBXShellScriptBuildPhase;
			buildActionMask = 2147483647;
			files = (
			);
			inputPaths = (
			);
			name = "[CP] Check Pods Manifest.lock";
			outputPaths = (
			);
			runOnlyForDeploymentPostprocessing = 0;
			shellPath = /bin/sh;
			shellScript = "diff \"${PODS_ROOT}/../Podfile.lock\" \"${PODS_ROOT}/Manifest.lock\" > /dev/null\nif [ $? != 0 ] ; then\n    # print error to STDERR\n    echo \"error: The sandbox is not in sync with the Podfile.lock. Run 'pod install' or update your CocoaPods installation.\" >&2\n    exit 1\nfi\n";
			showEnvVarsInLog = 0;
		};
		37076A5F158964F433EF8B24 /* [CP] Embed Pods Frameworks */ = {
			isa = PBXShellScriptBuildPhase;
			buildActionMask = 2147483647;
			files = (
			);
			inputPaths = (
			);
			name = "[CP] Embed Pods Frameworks";
			outputPaths = (
			);
			runOnlyForDeploymentPostprocessing = 0;
			shellPath = /bin/sh;
			shellScript = "\"${SRCROOT}/Pods/Target Support Files/Pods-tracker/Pods-tracker-frameworks.sh\"\n";
			showEnvVarsInLog = 0;
		};
		9078CD50F75193C0069397BC /* [CP] Copy Pods Resources */ = {
			isa = PBXShellScriptBuildPhase;
			buildActionMask = 2147483647;
			files = (
			);
			inputPaths = (
			);
			name = "[CP] Copy Pods Resources";
			outputPaths = (
			);
			runOnlyForDeploymentPostprocessing = 0;
			shellPath = /bin/sh;
			shellScript = "\"${SRCROOT}/Pods/Target Support Files/Pods-tracker/Pods-tracker-resources.sh\"\n";
			showEnvVarsInLog = 0;
		};
		CD47958CCDB5273F6DC6C77D /* [CP] Copy Pods Resources */ = {
			isa = PBXShellScriptBuildPhase;
			buildActionMask = 2147483647;
			files = (
			);
			inputPaths = (
			);
			name = "[CP] Copy Pods Resources";
			outputPaths = (
			);
			runOnlyForDeploymentPostprocessing = 0;
			shellPath = /bin/sh;
			shellScript = "\"${SRCROOT}/Pods/Target Support Files/Pods-TrackerToday/Pods-TrackerToday-resources.sh\"\n";
			showEnvVarsInLog = 0;
		};
		F6A32AE1AE8E7BDD61D1A11F /* [CP] Check Pods Manifest.lock */ = {
			isa = PBXShellScriptBuildPhase;
			buildActionMask = 2147483647;
			files = (
			);
			inputPaths = (
			);
			name = "[CP] Check Pods Manifest.lock";
			outputPaths = (
			);
			runOnlyForDeploymentPostprocessing = 0;
			shellPath = /bin/sh;
			shellScript = "diff \"${PODS_ROOT}/../Podfile.lock\" \"${PODS_ROOT}/Manifest.lock\" > /dev/null\nif [ $? != 0 ] ; then\n    # print error to STDERR\n    echo \"error: The sandbox is not in sync with the Podfile.lock. Run 'pod install' or update your CocoaPods installation.\" >&2\n    exit 1\nfi\n";
			showEnvVarsInLog = 0;
		};
/* End PBXShellScriptBuildPhase section */

/* Begin PBXSourcesBuildPhase section */
		857DA4AA1D090C7B00497E60 /* Sources */ = {
			isa = PBXSourcesBuildPhase;
			buildActionMask = 2147483647;
			files = (
				85AC34C21D6E407900EBFC12 /* UIColor+Chameleon.m in Sources */,
				85F1BA051D2F026500C2A7E3 /* SyncManager.m in Sources */,
				85F299581D4AAA32007BA84A /* Utils.m in Sources */,
				858916501DF4A283005C53E1 /* DataModel.swift in Sources */,
				8555660B1E620C2000E03555 /* AppDelegate.swift in Sources */,
				858916621DF4A2BF005C53E1 /* StateSchema.m in Sources */,
				858916521DF4A283005C53E1 /* SchemaModel.swift in Sources */,
				8589165E1DF4A2BF005C53E1 /* Data.m in Sources */,
				8589166C1DF4A4F7005C53E1 /* StringDateJSONTransform.swift in Sources */,
				8527E87D1DC68124008E8234 /* ReadingViewController.swift in Sources */,
				85AC34C81D761D7500EBFC12 /* Extensions.swift in Sources */,
				858B4AC81DC990EE00D56020 /* EventViewController.swift in Sources */,
				85034EBC1DC9405A0032DEBC /* ListViewController.swift in Sources */,
				855566031E62008300E03555 /* NotificationManager.swift in Sources */,
				85AC34CB1D76288B00EBFC12 /* Styles.swift in Sources */,
				857DA4B31D090C7B00497E60 /* main.m in Sources */,
				85C162D51DB3FA6A001C75AC /* ButtonGridView.swift in Sources */,
				8589165F1DF4A2BF005C53E1 /* EEvent.m in Sources */,
				853B23D41D6EA77200CD9AE5 /* SwiftViewController.swift in Sources */,
				85AC34D41D77506000EBFC12 /* SSyncManager.swift in Sources */,
				851B5F561D414F0D00A3AFFD /* TimelineViewController.m in Sources */,
				858916511DF4A283005C53E1 /* ModelComputations.swift in Sources */,
				858916601DF4A2BF005C53E1 /* Schema.m in Sources */,
				858916611DF4A2BF005C53E1 /* State.m in Sources */,
				85B081B01D6D60380008B256 /* DropboxSessionManager.m in Sources */,
				85F2995B1D4BFEED007BA84A /* TimelineColumnView.m in Sources */,
				85AC34C41D6E407900EBFC12 /* UIColor+ChameleonPrivate.m in Sources */,
			);
			runOnlyForDeploymentPostprocessing = 0;
		};
		85E7D3FC1DC6C387004E67D9 /* Sources */ = {
			isa = PBXSourcesBuildPhase;
			buildActionMask = 2147483647;
			files = (
				85E7D4191DC6C4F4004E67D9 /* SSyncManager.swift in Sources */,
				858916651DF4A30C005C53E1 /* ModelComputations.swift in Sources */,
				858B4AC91DC990EE00D56020 /* EventViewController.swift in Sources */,
				858916691DF4A313005C53E1 /* State.m in Sources */,
				85034EBD1DC9405A0032DEBC /* ListViewController.swift in Sources */,
				85E7D42C1DC6C70D004E67D9 /* UIColor+ChameleonPrivate.m in Sources */,
				855566041E62008300E03555 /* NotificationManager.swift in Sources */,
				858916681DF4A313005C53E1 /* Schema.m in Sources */,
				85E7D41E1DC6C4F4004E67D9 /* ReadingViewController.swift in Sources */,
				858916641DF4A30C005C53E1 /* SchemaModel.swift in Sources */,
				858916631DF4A30C005C53E1 /* DataModel.swift in Sources */,
				8589166D1DF4A4F7005C53E1 /* StringDateJSONTransform.swift in Sources */,
				85E7D4111DC6C4F4004E67D9 /* Utils.m in Sources */,
				85E7D41D1DC6C4F4004E67D9 /* SwiftViewController.swift in Sources */,
				8589166A1DF4A313005C53E1 /* StateSchema.m in Sources */,
				85E7D4221DC6C4F4004E67D9 /* TimelineViewController.m in Sources */,
				85E7D4121DC6C4F4004E67D9 /* SyncManager.m in Sources */,
				85E7D42A1DC6C625004E67D9 /* Extensions.swift in Sources */,
				858916671DF4A313005C53E1 /* EEvent.m in Sources */,
				85E7D42B1DC6C70D004E67D9 /* UIColor+Chameleon.m in Sources */,
				85E7D4201DC6C4F4004E67D9 /* Styles.swift in Sources */,
				858916661DF4A313005C53E1 /* Data.m in Sources */,
				85E7D4231DC6C4F4004E67D9 /* TimelineColumnView.m in Sources */,
				85E7D41F1DC6C4F4004E67D9 /* ButtonGridView.swift in Sources */,
			);
			runOnlyForDeploymentPostprocessing = 0;
		};
/* End PBXSourcesBuildPhase section */

/* Begin PBXTargetDependency section */
		85E7D40A1DC6C387004E67D9 /* PBXTargetDependency */ = {
			isa = PBXTargetDependency;
			target = 85E7D3FF1DC6C387004E67D9 /* TrackerToday */;
			targetProxy = 85E7D4091DC6C387004E67D9 /* PBXContainerItemProxy */;
		};
/* End PBXTargetDependency section */

/* Begin PBXVariantGroup section */
		857DA4BF1D090C7B00497E60 /* LaunchScreen.storyboard */ = {
			isa = PBXVariantGroup;
			children = (
				857DA4C01D090C7B00497E60 /* Base */,
			);
			name = LaunchScreen.storyboard;
			sourceTree = "<group>";
		};
		85E7D4051DC6C387004E67D9 /* MainInterface.storyboard */ = {
			isa = PBXVariantGroup;
			children = (
				85E7D4061DC6C387004E67D9 /* Base */,
			);
			name = MainInterface.storyboard;
			sourceTree = "<group>";
		};
/* End PBXVariantGroup section */

/* Begin XCBuildConfiguration section */
		857DA4C31D090C7B00497E60 /* Debug */ = {
			isa = XCBuildConfiguration;
			buildSettings = {
				ALWAYS_SEARCH_USER_PATHS = NO;
				CLANG_ANALYZER_NONNULL = YES;
				CLANG_CXX_LANGUAGE_STANDARD = "gnu++0x";
				CLANG_CXX_LIBRARY = "libc++";
				CLANG_ENABLE_MODULES = YES;
				CLANG_ENABLE_OBJC_ARC = YES;
				CLANG_WARN_BOOL_CONVERSION = YES;
				CLANG_WARN_CONSTANT_CONVERSION = YES;
				CLANG_WARN_DIRECT_OBJC_ISA_USAGE = YES_ERROR;
				CLANG_WARN_EMPTY_BODY = YES;
				CLANG_WARN_ENUM_CONVERSION = YES;
				CLANG_WARN_INFINITE_RECURSION = YES;
				CLANG_WARN_INT_CONVERSION = YES;
				CLANG_WARN_OBJC_ROOT_CLASS = YES_ERROR;
				CLANG_WARN_SUSPICIOUS_MOVE = YES;
				CLANG_WARN_UNREACHABLE_CODE = YES;
				CLANG_WARN__DUPLICATE_METHOD_MATCH = YES;
				"CODE_SIGN_IDENTITY[sdk=iphoneos*]" = "iPhone Developer";
				COPY_PHASE_STRIP = NO;
				DEBUG_INFORMATION_FORMAT = dwarf;
				ENABLE_STRICT_OBJC_MSGSEND = YES;
				ENABLE_TESTABILITY = YES;
				GCC_C_LANGUAGE_STANDARD = gnu99;
				GCC_DYNAMIC_NO_PIC = NO;
				GCC_NO_COMMON_BLOCKS = YES;
				GCC_OPTIMIZATION_LEVEL = 0;
				GCC_PREPROCESSOR_DEFINITIONS = (
					"DEBUG=1",
					"$(inherited)",
					"DROPBOX_APP_KEY=$(DROPBOX_APP_KEY)",
					"DROPBOX_SECRET=$(DROPBOX_SECRET)",
				);
				GCC_WARN_64_TO_32_BIT_CONVERSION = YES;
				GCC_WARN_ABOUT_RETURN_TYPE = YES_ERROR;
				GCC_WARN_UNDECLARED_SELECTOR = YES;
				GCC_WARN_UNINITIALIZED_AUTOS = YES_AGGRESSIVE;
				GCC_WARN_UNUSED_FUNCTION = YES;
				GCC_WARN_UNUSED_VARIABLE = YES;
				IPHONEOS_DEPLOYMENT_TARGET = 9.3;
				MTL_ENABLE_DEBUG_INFO = YES;
				ONLY_ACTIVE_ARCH = YES;
				SDKROOT = iphoneos;
				TARGETED_DEVICE_FAMILY = "1,2";
			};
			name = Debug;
		};
		857DA4C41D090C7B00497E60 /* Release */ = {
			isa = XCBuildConfiguration;
			buildSettings = {
				ALWAYS_SEARCH_USER_PATHS = NO;
				CLANG_ANALYZER_NONNULL = YES;
				CLANG_CXX_LANGUAGE_STANDARD = "gnu++0x";
				CLANG_CXX_LIBRARY = "libc++";
				CLANG_ENABLE_MODULES = YES;
				CLANG_ENABLE_OBJC_ARC = YES;
				CLANG_WARN_BOOL_CONVERSION = YES;
				CLANG_WARN_CONSTANT_CONVERSION = YES;
				CLANG_WARN_DIRECT_OBJC_ISA_USAGE = YES_ERROR;
				CLANG_WARN_EMPTY_BODY = YES;
				CLANG_WARN_ENUM_CONVERSION = YES;
				CLANG_WARN_INFINITE_RECURSION = YES;
				CLANG_WARN_INT_CONVERSION = YES;
				CLANG_WARN_OBJC_ROOT_CLASS = YES_ERROR;
				CLANG_WARN_SUSPICIOUS_MOVE = YES;
				CLANG_WARN_UNREACHABLE_CODE = YES;
				CLANG_WARN__DUPLICATE_METHOD_MATCH = YES;
				"CODE_SIGN_IDENTITY[sdk=iphoneos*]" = "iPhone Developer";
				COPY_PHASE_STRIP = NO;
				DEBUG_INFORMATION_FORMAT = "dwarf-with-dsym";
				ENABLE_NS_ASSERTIONS = NO;
				ENABLE_STRICT_OBJC_MSGSEND = YES;
				GCC_C_LANGUAGE_STANDARD = gnu99;
				GCC_NO_COMMON_BLOCKS = YES;
				GCC_PREPROCESSOR_DEFINITIONS = (
					"DROPBOX_APP_KEY=$(DROPBOX_APP_KEY)",
					"DROPBOX_SECRET=$(DROPBOX_SECRET)",
				);
				GCC_WARN_64_TO_32_BIT_CONVERSION = YES;
				GCC_WARN_ABOUT_RETURN_TYPE = YES_ERROR;
				GCC_WARN_UNDECLARED_SELECTOR = YES;
				GCC_WARN_UNINITIALIZED_AUTOS = YES_AGGRESSIVE;
				GCC_WARN_UNUSED_FUNCTION = YES;
				GCC_WARN_UNUSED_VARIABLE = YES;
				IPHONEOS_DEPLOYMENT_TARGET = 9.3;
				MTL_ENABLE_DEBUG_INFO = NO;
				SDKROOT = iphoneos;
				SWIFT_OPTIMIZATION_LEVEL = "-Owholemodule";
				TARGETED_DEVICE_FAMILY = "1,2";
				VALIDATE_PRODUCT = YES;
			};
			name = Release;
		};
		857DA4C61D090C7B00497E60 /* Debug */ = {
			isa = XCBuildConfiguration;
			baseConfigurationReference = 854F17BC1D284E440051BE48 /* debug.xcconfig */;
			buildSettings = {
				ASSETCATALOG_COMPILER_APPICON_NAME = AppIcon;
				CLANG_ENABLE_MODULES = YES;
				CODE_SIGN_ENTITLEMENTS = tracker/tracker.entitlements;
				CODE_SIGN_IDENTITY = "iPhone Developer";
				"CODE_SIGN_IDENTITY[sdk=iphoneos*]" = "iPhone Developer";
				FRAMEWORK_SEARCH_PATHS = (
					"$(inherited)",
					"$(PROJECT_DIR)",
				);
				GCC_PREPROCESSOR_DEFINITIONS = (
					"$(inherited)",
					"COCOAPODS=1",
				);
				INFOPLIST_FILE = tracker/Info.plist;
				IPHONEOS_DEPLOYMENT_TARGET = 10.0;
				LD_RUNPATH_SEARCH_PATHS = "$(inherited) @executable_path/Frameworks";
				PRODUCT_BUNDLE_IDENTIFIER = zone.griff.tracker;
				PRODUCT_NAME = "$(TARGET_NAME)";
				PROVISIONING_PROFILE = "";
				SWIFT_OBJC_BRIDGING_HEADER = "tracker/tracker-Bridging-Header.h";
				SWIFT_OPTIMIZATION_LEVEL = "-Onone";
				SWIFT_VERSION = 3.0;
			};
			name = Debug;
		};
		857DA4C71D090C7B00497E60 /* Release */ = {
			isa = XCBuildConfiguration;
			baseConfigurationReference = 854F17BD1D284E440051BE48 /* release.xcconfig */;
			buildSettings = {
				ASSETCATALOG_COMPILER_APPICON_NAME = AppIcon;
				CLANG_ENABLE_MODULES = YES;
				CODE_SIGN_ENTITLEMENTS = tracker/tracker.entitlements;
				CODE_SIGN_IDENTITY = "iPhone Developer";
				"CODE_SIGN_IDENTITY[sdk=iphoneos*]" = "iPhone Developer";
				FRAMEWORK_SEARCH_PATHS = (
					"$(inherited)",
					"$(PROJECT_DIR)",
				);
				GCC_PREPROCESSOR_DEFINITIONS = (
					"$(inherited)",
					"COCOAPODS=1",
				);
				INFOPLIST_FILE = tracker/Info.plist;
				IPHONEOS_DEPLOYMENT_TARGET = 10.0;
				LD_RUNPATH_SEARCH_PATHS = "$(inherited) @executable_path/Frameworks";
				PRODUCT_BUNDLE_IDENTIFIER = zone.griff.tracker;
				PRODUCT_NAME = "$(TARGET_NAME)";
				PROVISIONING_PROFILE = "";
				SWIFT_OBJC_BRIDGING_HEADER = "tracker/tracker-Bridging-Header.h";
				SWIFT_VERSION = 3.0;
			};
			name = Release;
		};
		85E7D40D1DC6C387004E67D9 /* Debug */ = {
			isa = XCBuildConfiguration;
			baseConfigurationReference = 0C901195876F0D179525B7CF /* Pods-TrackerToday.debug.xcconfig */;
			buildSettings = {
				CLANG_WARN_DOCUMENTATION_COMMENTS = YES;
				CLANG_WARN_SUSPICIOUS_MOVES = YES;
				CODE_SIGN_ENTITLEMENTS = TrackerToday/TrackerToday.entitlements;
				CODE_SIGN_IDENTITY = "iPhone Developer";
				"CODE_SIGN_IDENTITY[sdk=iphoneos*]" = "iPhone Developer";
				DEVELOPMENT_TEAM = ANDFM73HPR;
				FRAMEWORK_SEARCH_PATHS = (
					"$(inherited)",
					"$(PROJECT_DIR)",
				);
				GCC_PREPROCESSOR_DEFINITIONS = (
					"DEBUG=1",
					"$(inherited)",
					"IS_TODAY_EXTENSION=1",
				);
				INFOPLIST_FILE = TrackerToday/Info.plist;
				IPHONEOS_DEPLOYMENT_TARGET = 10.0;
				LD_RUNPATH_SEARCH_PATHS = "$(inherited) @executable_path/Frameworks @executable_path/../../Frameworks";
				PRODUCT_BUNDLE_IDENTIFIER = zone.griff.tracker.TrackerToday;
				PRODUCT_NAME = "$(TARGET_NAME)";
				SKIP_INSTALL = YES;
				SWIFT_ACTIVE_COMPILATION_CONDITIONS = "DEBUG IS_TODAY_EXTENSION";
				SWIFT_OBJC_BRIDGING_HEADER = "tracker/TrackerToday-Bridging-Header.h";
				SWIFT_OPTIMIZATION_LEVEL = "-Onone";
				SWIFT_VERSION = 3.0;
			};
			name = Debug;
		};
		85E7D40E1DC6C387004E67D9 /* Release */ = {
			isa = XCBuildConfiguration;
			baseConfigurationReference = D3C2606702D4CF66700E59C1 /* Pods-TrackerToday.release.xcconfig */;
			buildSettings = {
				CLANG_WARN_DOCUMENTATION_COMMENTS = YES;
				CLANG_WARN_SUSPICIOUS_MOVES = YES;
				CODE_SIGN_ENTITLEMENTS = TrackerToday/TrackerToday.entitlements;
				CODE_SIGN_IDENTITY = "iPhone Developer";
				"CODE_SIGN_IDENTITY[sdk=iphoneos*]" = "iPhone Developer";
				DEVELOPMENT_TEAM = ANDFM73HPR;
				FRAMEWORK_SEARCH_PATHS = (
					"$(inherited)",
					"$(PROJECT_DIR)",
				);
				GCC_PREPROCESSOR_DEFINITIONS = (
					"$(inherited)",
					"COCOAPODS=1",
					"IS_TODAY_EXTENSION=1",
				);
				INFOPLIST_FILE = TrackerToday/Info.plist;
				IPHONEOS_DEPLOYMENT_TARGET = 10.0;
				LD_RUNPATH_SEARCH_PATHS = "$(inherited) @executable_path/Frameworks @executable_path/../../Frameworks";
				PRODUCT_BUNDLE_IDENTIFIER = zone.griff.tracker.TrackerToday;
				PRODUCT_NAME = "$(TARGET_NAME)";
				SKIP_INSTALL = YES;
				SWIFT_ACTIVE_COMPILATION_CONDITIONS = IS_TODAY_EXTENSION;
				SWIFT_OBJC_BRIDGING_HEADER = "tracker/TrackerToday-Bridging-Header.h";
				SWIFT_VERSION = 3.0;
			};
			name = Release;
		};
/* End XCBuildConfiguration section */

/* Begin XCConfigurationList section */
		857DA4A91D090C7B00497E60 /* Build configuration list for PBXProject "tracker" */ = {
			isa = XCConfigurationList;
			buildConfigurations = (
				857DA4C31D090C7B00497E60 /* Debug */,
				857DA4C41D090C7B00497E60 /* Release */,
			);
			defaultConfigurationIsVisible = 0;
			defaultConfigurationName = Debug;
		};
		857DA4C51D090C7B00497E60 /* Build configuration list for PBXNativeTarget "tracker" */ = {
			isa = XCConfigurationList;
			buildConfigurations = (
				857DA4C61D090C7B00497E60 /* Debug */,
				857DA4C71D090C7B00497E60 /* Release */,
			);
			defaultConfigurationIsVisible = 0;
			defaultConfigurationName = Debug;
		};
		85E7D40C1DC6C387004E67D9 /* Build configuration list for PBXNativeTarget "TrackerToday" */ = {
			isa = XCConfigurationList;
			buildConfigurations = (
				85E7D40D1DC6C387004E67D9 /* Debug */,
				85E7D40E1DC6C387004E67D9 /* Release */,
			);
			defaultConfigurationIsVisible = 0;
			defaultConfigurationName = Debug;
		};
/* End XCConfigurationList section */
	};
	rootObject = 857DA4A61D090C7B00497E60 /* Project object */;
}
