// !$*UTF8*$!
{
	archiveVersion = 1;
	classes = {
	};
	objectVersion = 46;
	objects = {

/* Begin PBXBuildFile section */
		04439B03210A85AFF895CC30 /* Pods_tracker.framework in Frameworks */ = {isa = PBXBuildFile; fileRef = AF11449F2EFACA3CE0CA70BB /* Pods_tracker.framework */; };
		854C75AF1D09185800DD4CEF /* Data.m in Sources */ = {isa = PBXBuildFile; fileRef = 854C75AE1D09185800DD4CEF /* Data.m */; };
		854F17B51D28371A0051BE48 /* DropboxSDK.framework in Frameworks */ = {isa = PBXBuildFile; fileRef = 854F17B41D28371A0051BE48 /* DropboxSDK.framework */; };
		854F17B71D2837290051BE48 /* Security.framework in Frameworks */ = {isa = PBXBuildFile; fileRef = 854F17B61D2837290051BE48 /* Security.framework */; };
		854F17B91D28372D0051BE48 /* QuartzCore.framework in Frameworks */ = {isa = PBXBuildFile; fileRef = 854F17B81D28372D0051BE48 /* QuartzCore.framework */; };
		857DA4B31D090C7B00497E60 /* main.m in Sources */ = {isa = PBXBuildFile; fileRef = 857DA4B21D090C7B00497E60 /* main.m */; };
		857DA4B61D090C7B00497E60 /* AppDelegate.m in Sources */ = {isa = PBXBuildFile; fileRef = 857DA4B51D090C7B00497E60 /* AppDelegate.m */; };
		857DA4B91D090C7B00497E60 /* ViewController.m in Sources */ = {isa = PBXBuildFile; fileRef = 857DA4B81D090C7B00497E60 /* ViewController.m */; };
		857DA4BE1D090C7B00497E60 /* Assets.xcassets in Resources */ = {isa = PBXBuildFile; fileRef = 857DA4BD1D090C7B00497E60 /* Assets.xcassets */; };
		857DA4C11D090C7B00497E60 /* LaunchScreen.storyboard in Resources */ = {isa = PBXBuildFile; fileRef = 857DA4BF1D090C7B00497E60 /* LaunchScreen.storyboard */; };
		85B833F51D090D02009D6D42 /* Event.m in Sources */ = {isa = PBXBuildFile; fileRef = 85B833F41D090D02009D6D42 /* Event.m */; };
		85B833F81D09169E009D6D42 /* Schema.m in Sources */ = {isa = PBXBuildFile; fileRef = 85B833F71D09169E009D6D42 /* Schema.m */; };
/* End PBXBuildFile section */

/* Begin PBXFileReference section */
		4376796216BAE32BD89DC4AF /* Pods-tracker.debug.xcconfig */ = {isa = PBXFileReference; includeInIndex = 1; lastKnownFileType = text.xcconfig; name = "Pods-tracker.debug.xcconfig"; path = "Pods/Target Support Files/Pods-tracker/Pods-tracker.debug.xcconfig"; sourceTree = "<group>"; };
		854C75AD1D09185800DD4CEF /* Data.h */ = {isa = PBXFileReference; fileEncoding = 4; lastKnownFileType = sourcecode.c.h; path = Data.h; sourceTree = "<group>"; };
		854C75AE1D09185800DD4CEF /* Data.m */ = {isa = PBXFileReference; fileEncoding = 4; lastKnownFileType = sourcecode.c.objc; path = Data.m; sourceTree = "<group>"; };
		854F17B41D28371A0051BE48 /* DropboxSDK.framework */ = {isa = PBXFileReference; lastKnownFileType = wrapper.framework; path = DropboxSDK.framework; sourceTree = "<group>"; };
		854F17B61D2837290051BE48 /* Security.framework */ = {isa = PBXFileReference; lastKnownFileType = wrapper.framework; name = Security.framework; path = System/Library/Frameworks/Security.framework; sourceTree = SDKROOT; };
		854F17B81D28372D0051BE48 /* QuartzCore.framework */ = {isa = PBXFileReference; lastKnownFileType = wrapper.framework; name = QuartzCore.framework; path = System/Library/Frameworks/QuartzCore.framework; sourceTree = SDKROOT; };
		857DA4AE1D090C7B00497E60 /* tracker.app */ = {isa = PBXFileReference; explicitFileType = wrapper.application; includeInIndex = 0; path = tracker.app; sourceTree = BUILT_PRODUCTS_DIR; };
		857DA4B21D090C7B00497E60 /* main.m */ = {isa = PBXFileReference; lastKnownFileType = sourcecode.c.objc; path = main.m; sourceTree = "<group>"; };
		857DA4B41D090C7B00497E60 /* AppDelegate.h */ = {isa = PBXFileReference; lastKnownFileType = sourcecode.c.h; path = AppDelegate.h; sourceTree = "<group>"; };
		857DA4B51D090C7B00497E60 /* AppDelegate.m */ = {isa = PBXFileReference; lastKnownFileType = sourcecode.c.objc; path = AppDelegate.m; sourceTree = "<group>"; };
		857DA4B71D090C7B00497E60 /* ViewController.h */ = {isa = PBXFileReference; lastKnownFileType = sourcecode.c.h; path = ViewController.h; sourceTree = "<group>"; };
		857DA4B81D090C7B00497E60 /* ViewController.m */ = {isa = PBXFileReference; lastKnownFileType = sourcecode.c.objc; path = ViewController.m; sourceTree = "<group>"; };
		857DA4BD1D090C7B00497E60 /* Assets.xcassets */ = {isa = PBXFileReference; lastKnownFileType = folder.assetcatalog; path = Assets.xcassets; sourceTree = "<group>"; };
		857DA4C01D090C7B00497E60 /* Base */ = {isa = PBXFileReference; lastKnownFileType = file.storyboard; name = Base; path = Base.lproj/LaunchScreen.storyboard; sourceTree = "<group>"; };
		857DA4C21D090C7B00497E60 /* Info.plist */ = {isa = PBXFileReference; lastKnownFileType = text.plist.xml; path = Info.plist; sourceTree = "<group>"; };
		85B833F31D090D02009D6D42 /* Event.h */ = {isa = PBXFileReference; fileEncoding = 4; lastKnownFileType = sourcecode.c.h; path = Event.h; sourceTree = "<group>"; };
		85B833F41D090D02009D6D42 /* Event.m */ = {isa = PBXFileReference; fileEncoding = 4; lastKnownFileType = sourcecode.c.objc; path = Event.m; sourceTree = "<group>"; };
		85B833F61D09169E009D6D42 /* Schema.h */ = {isa = PBXFileReference; fileEncoding = 4; lastKnownFileType = sourcecode.c.h; path = Schema.h; sourceTree = "<group>"; };
		85B833F71D09169E009D6D42 /* Schema.m */ = {isa = PBXFileReference; fileEncoding = 4; lastKnownFileType = sourcecode.c.objc; path = Schema.m; sourceTree = "<group>"; };
		9966693FBD0AEE9D859492DE /* Pods-tracker.release.xcconfig */ = {isa = PBXFileReference; includeInIndex = 1; lastKnownFileType = text.xcconfig; name = "Pods-tracker.release.xcconfig"; path = "Pods/Target Support Files/Pods-tracker/Pods-tracker.release.xcconfig"; sourceTree = "<group>"; };
		AF11449F2EFACA3CE0CA70BB /* Pods_tracker.framework */ = {isa = PBXFileReference; explicitFileType = wrapper.framework; includeInIndex = 0; path = Pods_tracker.framework; sourceTree = BUILT_PRODUCTS_DIR; };
/* End PBXFileReference section */

/* Begin PBXFrameworksBuildPhase section */
		857DA4AB1D090C7B00497E60 /* Frameworks */ = {
			isa = PBXFrameworksBuildPhase;
			buildActionMask = 2147483647;
			files = (
				854F17B91D28372D0051BE48 /* QuartzCore.framework in Frameworks */,
				854F17B71D2837290051BE48 /* Security.framework in Frameworks */,
				854F17B51D28371A0051BE48 /* DropboxSDK.framework in Frameworks */,
				04439B03210A85AFF895CC30 /* Pods_tracker.framework in Frameworks */,
			);
			runOnlyForDeploymentPostprocessing = 0;
		};
/* End PBXFrameworksBuildPhase section */

/* Begin PBXGroup section */
		19361570CE402AADC59B0A76 /* Frameworks */ = {
			isa = PBXGroup;
			children = (
				854F17B81D28372D0051BE48 /* QuartzCore.framework */,
				854F17B61D2837290051BE48 /* Security.framework */,
				854F17B41D28371A0051BE48 /* DropboxSDK.framework */,
				AF11449F2EFACA3CE0CA70BB /* Pods_tracker.framework */,
			);
			name = Frameworks;
			sourceTree = "<group>";
		};
		260A27DE51E16B2152F14DA5 /* Pods */ = {
			isa = PBXGroup;
			children = (
				4376796216BAE32BD89DC4AF /* Pods-tracker.debug.xcconfig */,
				9966693FBD0AEE9D859492DE /* Pods-tracker.release.xcconfig */,
			);
			name = Pods;
			sourceTree = "<group>";
		};
		857DA4A51D090C7B00497E60 = {
			isa = PBXGroup;
			children = (
				857DA4B01D090C7B00497E60 /* tracker */,
				857DA4AF1D090C7B00497E60 /* Products */,
				260A27DE51E16B2152F14DA5 /* Pods */,
				19361570CE402AADC59B0A76 /* Frameworks */,
			);
			sourceTree = "<group>";
		};
		857DA4AF1D090C7B00497E60 /* Products */ = {
			isa = PBXGroup;
			children = (
				857DA4AE1D090C7B00497E60 /* tracker.app */,
			);
			name = Products;
			sourceTree = "<group>";
		};
		857DA4B01D090C7B00497E60 /* tracker */ = {
			isa = PBXGroup;
			children = (
				85B833F61D09169E009D6D42 /* Schema.h */,
				85B833F71D09169E009D6D42 /* Schema.m */,
				854C75AD1D09185800DD4CEF /* Data.h */,
				854C75AE1D09185800DD4CEF /* Data.m */,
				85B833F31D090D02009D6D42 /* Event.h */,
				85B833F41D090D02009D6D42 /* Event.m */,
				857DA4B41D090C7B00497E60 /* AppDelegate.h */,
				857DA4B51D090C7B00497E60 /* AppDelegate.m */,
				857DA4B71D090C7B00497E60 /* ViewController.h */,
				857DA4B81D090C7B00497E60 /* ViewController.m */,
				857DA4BD1D090C7B00497E60 /* Assets.xcassets */,
				857DA4BF1D090C7B00497E60 /* LaunchScreen.storyboard */,
				857DA4C21D090C7B00497E60 /* Info.plist */,
				857DA4B11D090C7B00497E60 /* Supporting Files */,
			);
			path = tracker;
			sourceTree = "<group>";
		};
		857DA4B11D090C7B00497E60 /* Supporting Files */ = {
			isa = PBXGroup;
			children = (
				857DA4B21D090C7B00497E60 /* main.m */,
			);
			name = "Supporting Files";
			sourceTree = "<group>";
		};
/* End PBXGroup section */

/* Begin PBXNativeTarget section */
		857DA4AD1D090C7B00497E60 /* tracker */ = {
			isa = PBXNativeTarget;
			buildConfigurationList = 857DA4C51D090C7B00497E60 /* Build configuration list for PBXNativeTarget "tracker" */;
			buildPhases = (
				1503CAC9970C671D99D27E07 /* [CP] Check Pods Manifest.lock */,
				857DA4AA1D090C7B00497E60 /* Sources */,
				857DA4AB1D090C7B00497E60 /* Frameworks */,
				857DA4AC1D090C7B00497E60 /* Resources */,
				37076A5F158964F433EF8B24 /* [CP] Embed Pods Frameworks */,
				9078CD50F75193C0069397BC /* [CP] Copy Pods Resources */,
			);
			buildRules = (
			);
			dependencies = (
			);
			name = tracker;
			productName = tracker;
			productReference = 857DA4AE1D090C7B00497E60 /* tracker.app */;
			productType = "com.apple.product-type.application";
		};
/* End PBXNativeTarget section */

/* Begin PBXProject section */
		857DA4A61D090C7B00497E60 /* Project object */ = {
			isa = PBXProject;
			attributes = {
				LastUpgradeCheck = 0730;
				ORGANIZATIONNAME = griff.zone;
				TargetAttributes = {
					857DA4AD1D090C7B00497E60 = {
						CreatedOnToolsVersion = 7.3.1;
						DevelopmentTeam = ANDFM73HPR;
					};
				};
			};
			buildConfigurationList = 857DA4A91D090C7B00497E60 /* Build configuration list for PBXProject "tracker" */;
			compatibilityVersion = "Xcode 3.2";
			developmentRegion = English;
			hasScannedForEncodings = 0;
			knownRegions = (
				en,
				Base,
			);
			mainGroup = 857DA4A51D090C7B00497E60;
			productRefGroup = 857DA4AF1D090C7B00497E60 /* Products */;
			projectDirPath = "";
			projectRoot = "";
			targets = (
				857DA4AD1D090C7B00497E60 /* tracker */,
			);
		};
/* End PBXProject section */

/* Begin PBXResourcesBuildPhase section */
		857DA4AC1D090C7B00497E60 /* Resources */ = {
			isa = PBXResourcesBuildPhase;
			buildActionMask = 2147483647;
			files = (
				857DA4C11D090C7B00497E60 /* LaunchScreen.storyboard in Resources */,
				857DA4BE1D090C7B00497E60 /* Assets.xcassets in Resources */,
			);
			runOnlyForDeploymentPostprocessing = 0;
		};
/* End PBXResourcesBuildPhase section */

/* Begin PBXShellScriptBuildPhase section */
		1503CAC9970C671D99D27E07 /* [CP] Check Pods Manifest.lock */ = {
			isa = PBXShellScriptBuildPhase;
			buildActionMask = 2147483647;
			files = (
			);
			inputPaths = (
			);
			name = "[CP] Check Pods Manifest.lock";
			outputPaths = (
			);
			runOnlyForDeploymentPostprocessing = 0;
			shellPath = /bin/sh;
			shellScript = "diff \"${PODS_ROOT}/../Podfile.lock\" \"${PODS_ROOT}/Manifest.lock\" > /dev/null\nif [[ $? != 0 ]] ; then\n    cat << EOM\nerror: The sandbox is not in sync with the Podfile.lock. Run 'pod install' or update your CocoaPods installation.\nEOM\n    exit 1\nfi\n";
			showEnvVarsInLog = 0;
		};
		37076A5F158964F433EF8B24 /* [CP] Embed Pods Frameworks */ = {
			isa = PBXShellScriptBuildPhase;
			buildActionMask = 2147483647;
			files = (
			);
			inputPaths = (
			);
			name = "[CP] Embed Pods Frameworks";
			outputPaths = (
			);
			runOnlyForDeploymentPostprocessing = 0;
			shellPath = /bin/sh;
			shellScript = "\"${SRCROOT}/Pods/Target Support Files/Pods-tracker/Pods-tracker-frameworks.sh\"\n";
			showEnvVarsInLog = 0;
		};
		9078CD50F75193C0069397BC /* [CP] Copy Pods Resources */ = {
			isa = PBXShellScriptBuildPhase;
			buildActionMask = 2147483647;
			files = (
			);
			inputPaths = (
			);
			name = "[CP] Copy Pods Resources";
			outputPaths = (
			);
			runOnlyForDeploymentPostprocessing = 0;
			shellPath = /bin/sh;
			shellScript = "\"${SRCROOT}/Pods/Target Support Files/Pods-tracker/Pods-tracker-resources.sh\"\n";
			showEnvVarsInLog = 0;
		};
/* End PBXShellScriptBuildPhase section */

/* Begin PBXSourcesBuildPhase section */
		857DA4AA1D090C7B00497E60 /* Sources */ = {
			isa = PBXSourcesBuildPhase;
			buildActionMask = 2147483647;
			files = (
				85B833F51D090D02009D6D42 /* Event.m in Sources */,
				85B833F81D09169E009D6D42 /* Schema.m in Sources */,
				857DA4B91D090C7B00497E60 /* ViewController.m in Sources */,
				857DA4B61D090C7B00497E60 /* AppDelegate.m in Sources */,
				857DA4B31D090C7B00497E60 /* main.m in Sources */,
				854C75AF1D09185800DD4CEF /* Data.m in Sources */,
			);
			runOnlyForDeploymentPostprocessing = 0;
		};
/* End PBXSourcesBuildPhase section */

/* Begin PBXVariantGroup section */
		857DA4BF1D090C7B00497E60 /* LaunchScreen.storyboard */ = {
			isa = PBXVariantGroup;
			children = (
				857DA4C01D090C7B00497E60 /* Base */,
			);
			name = LaunchScreen.storyboard;
			sourceTree = "<group>";
		};
/* End PBXVariantGroup section */

/* Begin XCBuildConfiguration section */
		857DA4C31D090C7B00497E60 /* Debug */ = {
			isa = XCBuildConfiguration;
			buildSettings = {
				ALWAYS_SEARCH_USER_PATHS = NO;
				CLANG_ANALYZER_NONNULL = YES;
				CLANG_CXX_LANGUAGE_STANDARD = "gnu++0x";
				CLANG_CXX_LIBRARY = "libc++";
				CLANG_ENABLE_MODULES = YES;
				CLANG_ENABLE_OBJC_ARC = YES;
				CLANG_WARN_BOOL_CONVERSION = YES;
				CLANG_WARN_CONSTANT_CONVERSION = YES;
				CLANG_WARN_DIRECT_OBJC_ISA_USAGE = YES_ERROR;
				CLANG_WARN_EMPTY_BODY = YES;
				CLANG_WARN_ENUM_CONVERSION = YES;
				CLANG_WARN_INT_CONVERSION = YES;
				CLANG_WARN_OBJC_ROOT_CLASS = YES_ERROR;
				CLANG_WARN_UNREACHABLE_CODE = YES;
				CLANG_WARN__DUPLICATE_METHOD_MATCH = YES;
				"CODE_SIGN_IDENTITY[sdk=iphoneos*]" = "iPhone Developer";
				COPY_PHASE_STRIP = NO;
				DEBUG_INFORMATION_FORMAT = dwarf;
				ENABLE_STRICT_OBJC_MSGSEND = YES;
				ENABLE_TESTABILITY = YES;
				GCC_C_LANGUAGE_STANDARD = gnu99;
				GCC_DYNAMIC_NO_PIC = NO;
				GCC_NO_COMMON_BLOCKS = YES;
				GCC_OPTIMIZATION_LEVEL = 0;
				GCC_PREPROCESSOR_DEFINITIONS = (
					"DEBUG=1",
					"$(inherited)",
				);
				GCC_WARN_64_TO_32_BIT_CONVERSION = YES;
				GCC_WARN_ABOUT_RETURN_TYPE = YES_ERROR;
				GCC_WARN_UNDECLARED_SELECTOR = YES;
				GCC_WARN_UNINITIALIZED_AUTOS = YES_AGGRESSIVE;
				GCC_WARN_UNUSED_FUNCTION = YES;
				GCC_WARN_UNUSED_VARIABLE = YES;
				IPHONEOS_DEPLOYMENT_TARGET = 9.3;
				MTL_ENABLE_DEBUG_INFO = YES;
				ONLY_ACTIVE_ARCH = YES;
				SDKROOT = iphoneos;
				TARGETED_DEVICE_FAMILY = "1,2";
			};
			name = Debug;
		};
		857DA4C41D090C7B00497E60 /* Release */ = {
			isa = XCBuildConfiguration;
			buildSettings = {
				ALWAYS_SEARCH_USER_PATHS = NO;
				CLANG_ANALYZER_NONNULL = YES;
				CLANG_CXX_LANGUAGE_STANDARD = "gnu++0x";
				CLANG_CXX_LIBRARY = "libc++";
				CLANG_ENABLE_MODULES = YES;
				CLANG_ENABLE_OBJC_ARC = YES;
				CLANG_WARN_BOOL_CONVERSION = YES;
				CLANG_WARN_CONSTANT_CONVERSION = YES;
				CLANG_WARN_DIRECT_OBJC_ISA_USAGE = YES_ERROR;
				CLANG_WARN_EMPTY_BODY = YES;
				CLANG_WARN_ENUM_CONVERSION = YES;
				CLANG_WARN_INT_CONVERSION = YES;
				CLANG_WARN_OBJC_ROOT_CLASS = YES_ERROR;
				CLANG_WARN_UNREACHABLE_CODE = YES;
				CLANG_WARN__DUPLICATE_METHOD_MATCH = YES;
				"CODE_SIGN_IDENTITY[sdk=iphoneos*]" = "iPhone Developer";
				COPY_PHASE_STRIP = NO;
				DEBUG_INFORMATION_FORMAT = "dwarf-with-dsym";
				ENABLE_NS_ASSERTIONS = NO;
				ENABLE_STRICT_OBJC_MSGSEND = YES;
				GCC_C_LANGUAGE_STANDARD = gnu99;
				GCC_NO_COMMON_BLOCKS = YES;
				GCC_WARN_64_TO_32_BIT_CONVERSION = YES;
				GCC_WARN_ABOUT_RETURN_TYPE = YES_ERROR;
				GCC_WARN_UNDECLARED_SELECTOR = YES;
				GCC_WARN_UNINITIALIZED_AUTOS = YES_AGGRESSIVE;
				GCC_WARN_UNUSED_FUNCTION = YES;
				GCC_WARN_UNUSED_VARIABLE = YES;
				IPHONEOS_DEPLOYMENT_TARGET = 9.3;
				MTL_ENABLE_DEBUG_INFO = NO;
				SDKROOT = iphoneos;
				TARGETED_DEVICE_FAMILY = "1,2";
				VALIDATE_PRODUCT = YES;
			};
			name = Release;
		};
		857DA4C61D090C7B00497E60 /* Debug */ = {
			isa = XCBuildConfiguration;
			baseConfigurationReference = 4376796216BAE32BD89DC4AF /* Pods-tracker.debug.xcconfig */;
			buildSettings = {
				ASSETCATALOG_COMPILER_APPICON_NAME = AppIcon;
				CODE_SIGN_IDENTITY = "iPhone Developer";
				"CODE_SIGN_IDENTITY[sdk=iphoneos*]" = "iPhone Developer";
				FRAMEWORK_SEARCH_PATHS = (
					"$(inherited)",
					"$(PROJECT_DIR)",
				);
				INFOPLIST_FILE = tracker/Info.plist;
				LD_RUNPATH_SEARCH_PATHS = "$(inherited) @executable_path/Frameworks";
				PRODUCT_BUNDLE_IDENTIFIER = zone.griff.tracker;
				PRODUCT_NAME = "$(TARGET_NAME)";
				PROVISIONING_PROFILE = "";
			};
			name = Debug;
		};
		857DA4C71D090C7B00497E60 /* Release */ = {
			isa = XCBuildConfiguration;
			baseConfigurationReference = 9966693FBD0AEE9D859492DE /* Pods-tracker.release.xcconfig */;
			buildSettings = {
				ASSETCATALOG_COMPILER_APPICON_NAME = AppIcon;
				CODE_SIGN_IDENTITY = "iPhone Developer";
				"CODE_SIGN_IDENTITY[sdk=iphoneos*]" = "iPhone Developer";
				FRAMEWORK_SEARCH_PATHS = (
					"$(inherited)",
					"$(PROJECT_DIR)",
				);
				INFOPLIST_FILE = tracker/Info.plist;
				LD_RUNPATH_SEARCH_PATHS = "$(inherited) @executable_path/Frameworks";
				PRODUCT_BUNDLE_IDENTIFIER = zone.griff.tracker;
				PRODUCT_NAME = "$(TARGET_NAME)";
				PROVISIONING_PROFILE = "";
			};
			name = Release;
		};
/* End XCBuildConfiguration section */

/* Begin XCConfigurationList section */
		857DA4A91D090C7B00497E60 /* Build configuration list for PBXProject "tracker" */ = {
			isa = XCConfigurationList;
			buildConfigurations = (
				857DA4C31D090C7B00497E60 /* Debug */,
				857DA4C41D090C7B00497E60 /* Release */,
			);
			defaultConfigurationIsVisible = 0;
			defaultConfigurationName = Release;
		};
		857DA4C51D090C7B00497E60 /* Build configuration list for PBXNativeTarget "tracker" */ = {
			isa = XCConfigurationList;
			buildConfigurations = (
				857DA4C61D090C7B00497E60 /* Debug */,
				857DA4C71D090C7B00497E60 /* Release */,
			);
			defaultConfigurationIsVisible = 0;
			defaultConfigurationName = Release;
		};
/* End XCConfigurationList section */
	};
	rootObject = 857DA4A61D090C7B00497E60 /* Project object */;
}
